{
  "name": "yshopmall_uni",
  "version": "1.0.0",
  "lockfileVersion": 1,
  "requires": true,
  "dependencies": {
    "@dcloudio/uni-ui": {
      "version": "1.2.12",
      "resolved": "https://registry.npm.taobao.org/@dcloudio/uni-ui/download/@dcloudio/uni-ui-1.2.12.tgz",
      "integrity": "sha1-mmSOEvVz7cXz147Hgs6Um7tobHQ="
    },
    "animate.css": {
      "version": "3.7.2",
      "resolved": "https://registry.npm.taobao.org/animate.css/download/animate.css-3.7.2.tgz",
      "integrity": "sha1-5z4NUOkssc/vFZfZs4qUgQIOCOo="
    },
    "async-validator": {
      "version": "3.5.1",
      "resolved": "https://registry.npm.taobao.org/async-validator/download/async-validator-3.5.1.tgz?cache=0&sync_timestamp=1605751734916&other_urls=https%3A%2F%2Fregistry.npm.taobao.org%2Fasync-validator%2Fdownload%2Fasync-validator-3.5.1.tgz",
      "integrity": "sha1-zWK5aIskZfSEIOJ620d2CrG1VZ8="
    },
    "dayjs": {
      "version": "1.10.4",
      "resolved": "https://registry.npm.taobao.org/dayjs/download/dayjs-1.10.4.tgz",
      "integrity": "sha1-jlRKm4aD9heD9XCYCoqA6vVKseI="
    },
    "vue-ydui": {
      "version": "1.2.6",
      "resolved": "https://registry.npm.taobao.org/vue-ydui/download/vue-ydui-1.2.6.tgz",
      "integrity": "sha1-GQZItGcjkXAEpMJKe+/TzWnWQ1U="
    }
  }
}
